
Microsoft Visual Studio Solution File, Format Version 12.00
# Visual Studio Version 16
VisualStudioVersion = 16.0.30804.86
MinimumVisualStudioVersion = 10.0.40219.1
Project("{9A19103F-16F7-4668-BE54-9A1E7A4F7556}") = "CluedoSolver", "CluedoSolver\CluedoSolver.csproj", "{BB32C039-B888-4B83-A69F-C373A46B65B0}"
EndProject
Project("{9A19103F-16F7-4668-BE54-9A1E7A4F7556}") = "UnitTests", "UnitTests\UnitTests.csproj", "{4CDDF146-CD3B-4A15-8045-93D642A8FCE6}"
EndProject
Project("{9A19103F-16F7-4668-BE54-9A1E7A4F7556}") = "CardLogic", "CardLogic\CardLogic.csproj", "{C64C57EA-BF45-4EF1-BD8E-020DB414F37B}"
EndProject
Global
	GlobalSection(SolutionConfigurationPlatforms) = preSolution
		Debug|Any CPU = Debug|Any CPU
		Release|Any CPU = Release|Any CPU
	EndGlobalSection
	GlobalSection(ProjectConfigurationPlatforms) = postSolution
		{BB32C039-B888-4B83-A69F-C373A46B65B0}.Debug|Any CPU.ActiveCfg = Debug|Any CPU
		{BB32C039-B888-4B83-A69F-C373A46B65B0}.Debug|Any CPU.Build.0 = Debug|Any CPU
		{BB32C039-B888-4B83-A69F-C373A46B65B0}.Release|Any CPU.ActiveCfg = Release|Any CPU
		{BB32C039-B888-4B83-A69F-C373A46B65B0}.Release|Any CPU.Build.0 = Release|Any CPU
		{4CDDF146-CD3B-4A15-8045-93D642A8FCE6}.Debug|Any CPU.ActiveCfg = Debug|Any CPU
		{4CDDF146-CD3B-4A15-8045-93D642A8FCE6}.Debug|Any CPU.Build.0 = Debug|Any CPU
		{4CDDF146-CD3B-4A15-8045-93D642A8FCE6}.Release|Any CPU.ActiveCfg = Release|Any CPU
		{4CDDF146-CD3B-4A15-8045-93D642A8FCE6}.Release|Any CPU.Build.0 = Release|Any CPU
		{C64C57EA-BF45-4EF1-BD8E-020DB414F37B}.Debug|Any CPU.ActiveCfg = Debug|Any CPU
		{C64C57EA-BF45-4EF1-BD8E-020DB414F37B}.Debug|Any CPU.Build.0 = Debug|Any CPU
		{C64C57EA-BF45-4EF1-BD8E-020DB414F37B}.Release|Any CPU.ActiveCfg = Release|Any CPU
		{C64C57EA-BF45-4EF1-BD8E-020DB414F37B}.Release|Any CPU.Build.0 = Release|Any CPU
	EndGlobalSection
	GlobalSection(SolutionProperties) = preSolution
		HideSolutionNode = FALSE
	EndGlobalSection
	GlobalSection(ExtensibilityGlobals) = postSolution
		SolutionGuid = {A09BF4CB-C67F-4ABA-97C9-A37091DDA97E}
	EndGlobalSection
EndGlobal
